{
  "version": 4,
  "terraform_version": "1.9.1",
  "serial": 34,
  "lineage": "b6ccd9d9-633f-3201-5b75-345e205087d6",
  "outputs": {},
  "resources": [
    {
      "mode": "data",
      "type": "archive_file",
      "name": "lambda_zip",
      "provider": "provider[\"registry.terraform.io/hashicorp/archive\"]",
      "instances": [
        {
          "index_key": 0,
          "schema_version": 0,
          "attributes": {
            "exclude_symlink_directories": null,
            "excludes": null,
            "id": "10147ebd6896c73713d87b432f2fa0c57b814f61",
            "output_base64sha256": "lTG6I7VYvAc0wofETIOrhgKbrF4hYx3PPDGoHleGBuk=",
            "output_base64sha512": "KkxO6vT4BPl7GtnC/3J8dPwCBqpDyp7dzM2347oQaor6g/WtY04/3ih51dwUvraAgesN3i/5Lu1wYu1e8FRqjg==",
            "output_file_mode": null,
            "output_md5": "f6fd3770e9b962ecf5535867aa093426",
            "output_path": "./microservices/zip/api1.zip",
            "output_sha": "10147ebd6896c73713d87b432f2fa0c57b814f61",
            "output_sha256": "9531ba23b558bc0734c287c44c83ab86029bac5e21631dcf3c31a81e578606e9",
            "output_sha512": "2a4c4eeaf4f804f97b1ad9c2ff727c74fc0206aa43ca9eddcccdb7e3ba106a8afa83f5ad634e3fde2879d5dc14beb68081eb0dde2ff92eed7062ed5ef0546a8e",
            "output_size": 279,
            "source": [],
            "source_content": null,
            "source_content_filename": null,
            "source_dir": "./microservices/api1/",
            "source_file": null,
            "type": "zip"
          },
          "sensitive_attributes": []
        },
        {
          "index_key": 1,
          "schema_version": 0,
          "attributes": {
            "exclude_symlink_directories": null,
            "excludes": null,
            "id": "9eaaab0bf79c24053e29de37a67fa055c3d29939",
            "output_base64sha256": "DLFAJcRSQCCz0AhVji0rDFoE1hws0Lab6zaKldHSW5k=",
            "output_base64sha512": "rvdatKn+1O7XaMsHgHSLDVAK4HDzF5R5joChPH7BD3Dn0hYEcy5Ds3T9S1+IkWKWX2v37IsCT1eWW8//W1sHNw==",
            "output_file_mode": null,
            "output_md5": "e412d2598cce7d3c1d99d4101b33199f",
            "output_path": "./microservices/zip/api2.zip",
            "output_sha": "9eaaab0bf79c24053e29de37a67fa055c3d29939",
            "output_sha256": "0cb14025c4524020b3d008558e2d2b0c5a04d61c2cd0b69beb368a95d1d25b99",
            "output_sha512": "aef75ab4a9fed4eed768cb0780748b0d500ae070f31794798e80a13c7ec10f70e7d21604732e43b374fd4b5f889162965f6bf7ec8b024f57965bcfff5b5b0737",
            "output_size": 279,
            "source": [],
            "source_content": null,
            "source_content_filename": null,
            "source_dir": "./microservices/api2/",
            "source_file": null,
            "type": "zip"
          },
          "sensitive_attributes": []
        }
      ]
    },
    {
      "mode": "managed",
      "type": "aws_api_gateway_integration",
      "name": "api_integration",
      "provider": "provider[\"registry.terraform.io/hashicorp/aws\"]",
      "instances": [
        {
          "index_key": 0,
          "schema_version": 0,
          "attributes": {
            "cache_key_parameters": null,
            "cache_namespace": "aeo79e",
            "connection_id": "",
            "connection_type": "INTERNET",
            "content_handling": "",
            "credentials": "arn:aws:iam::471112848311:role/dev-lambda_execution_role",
            "http_method": "GET",
            "id": "agi-4rm61j2eca-aeo79e-GET",
            "integration_http_method": "POST",
            "passthrough_behavior": "WHEN_NO_MATCH",
            "request_parameters": {
              "integration.request.header.Content-Type": "method.request.header.Content-Type"
            },
            "request_templates": null,
            "resource_id": "aeo79e",
            "rest_api_id": "4rm61j2eca",
            "timeout_milliseconds": 29000,
            "tls_config": [],
            "type": "AWS",
            "uri": "arn:aws:apigateway:us-east-1:lambda:path/2015-03-31/functions/arn:aws:lambda:us-east-1:471112848311:function:microservices_function_api_api1/invocations"
          },
          "sensitive_attributes": [],
          "private": "bnVsbA==",
          "dependencies": [
            "aws_api_gateway_method.api_get_method",
            "aws_api_gateway_resource.api_resource",
            "aws_api_gateway_rest_api.microservices_rest_api",
            "aws_iam_role.lambda_role",
            "aws_lambda_function.microservices_function_api",
            "data.archive_file.lambda_zip"
          ]
        },
        {
          "index_key": 1,
          "schema_version": 0,
          "attributes": {
            "cache_key_parameters": null,
            "cache_namespace": "18feoi",
            "connection_id": "",
            "connection_type": "INTERNET",
            "content_handling": "",
            "credentials": "arn:aws:iam::471112848311:role/dev-lambda_execution_role",
            "http_method": "GET",
            "id": "agi-4rm61j2eca-18feoi-GET",
            "integration_http_method": "POST",
            "passthrough_behavior": "WHEN_NO_MATCH",
            "request_parameters": {
              "integration.request.header.Content-Type": "method.request.header.Content-Type"
            },
            "request_templates": null,
            "resource_id": "18feoi",
            "rest_api_id": "4rm61j2eca",
            "timeout_milliseconds": 29000,
            "tls_config": [],
            "type": "AWS",
            "uri": "arn:aws:apigateway:us-east-1:lambda:path/2015-03-31/functions/arn:aws:lambda:us-east-1:471112848311:function:microservices_function_api_api2/invocations"
          },
          "sensitive_attributes": [],
          "private": "bnVsbA==",
          "dependencies": [
            "aws_api_gateway_method.api_get_method",
            "aws_api_gateway_resource.api_resource",
            "aws_api_gateway_rest_api.microservices_rest_api",
            "aws_iam_role.lambda_role",
            "aws_lambda_function.microservices_function_api",
            "data.archive_file.lambda_zip"
          ]
        }
      ]
    },
    {
      "mode": "managed",
      "type": "aws_api_gateway_method",
      "name": "api_get_method",
      "provider": "provider[\"registry.terraform.io/hashicorp/aws\"]",
      "instances": [
        {
          "index_key": 0,
          "schema_version": 0,
          "attributes": {
            "api_key_required": false,
            "authorization": "NONE",
            "authorization_scopes": null,
            "authorizer_id": null,
            "http_method": "GET",
            "id": "agm-4rm61j2eca-aeo79e-GET",
            "operation_name": null,
            "request_models": null,
            "request_parameters": {
              "method.request.header.Content-Type": true
            },
            "request_validator_id": null,
            "resource_id": "aeo79e",
            "rest_api_id": "4rm61j2eca"
          },
          "sensitive_attributes": [],
          "private": "bnVsbA==",
          "dependencies": [
            "aws_api_gateway_resource.api_resource",
            "aws_api_gateway_rest_api.microservices_rest_api"
          ]
        },
        {
          "index_key": 1,
          "schema_version": 0,
          "attributes": {
            "api_key_required": false,
            "authorization": "NONE",
            "authorization_scopes": null,
            "authorizer_id": null,
            "http_method": "GET",
            "id": "agm-4rm61j2eca-18feoi-GET",
            "operation_name": null,
            "request_models": null,
            "request_parameters": {
              "method.request.header.Content-Type": true
            },
            "request_validator_id": null,
            "resource_id": "18feoi",
            "rest_api_id": "4rm61j2eca"
          },
          "sensitive_attributes": [],
          "private": "bnVsbA==",
          "dependencies": [
            "aws_api_gateway_resource.api_resource",
            "aws_api_gateway_rest_api.microservices_rest_api"
          ]
        }
      ]
    },
    {
      "mode": "managed",
      "type": "aws_api_gateway_method_response",
      "name": "api_method_response_200",
      "provider": "provider[\"registry.terraform.io/hashicorp/aws\"]",
      "instances": [
        {
          "index_key": 1,
          "schema_version": 0,
          "attributes": {
            "http_method": "GET",
            "id": "agmr-4rm61j2eca-18feoi-GET-200",
            "resource_id": "18feoi",
            "response_models": {
              "application/json": "Empty"
            },
            "response_parameters": {
              "method.response.header.Content-Type": true,
              "method.response.header.Strict-Transport-Security": true
            },
            "rest_api_id": "4rm61j2eca",
            "status_code": "200"
          },
          "sensitive_attributes": [],
          "private": "bnVsbA==",
          "dependencies": [
            "aws_api_gateway_resource.api_resource",
            "aws_api_gateway_rest_api.microservices_rest_api"
          ]
        }
      ]
    },
    {
      "mode": "managed",
      "type": "aws_api_gateway_resource",
      "name": "api_resource",
      "provider": "provider[\"registry.terraform.io/hashicorp/aws\"]",
      "instances": [
        {
          "index_key": 0,
          "schema_version": 0,
          "attributes": {
            "id": "aeo79e",
            "parent_id": "ircq4oyhre",
            "path": "/api1",
            "path_part": "api1",
            "rest_api_id": "4rm61j2eca"
          },
          "sensitive_attributes": [],
          "private": "bnVsbA==",
          "dependencies": [
            "aws_api_gateway_rest_api.microservices_rest_api"
          ]
        },
        {
          "index_key": 1,
          "schema_version": 0,
          "attributes": {
            "id": "18feoi",
            "parent_id": "ircq4oyhre",
            "path": "/api2",
            "path_part": "api2",
            "rest_api_id": "4rm61j2eca"
          },
          "sensitive_attributes": [],
          "private": "bnVsbA==",
          "dependencies": [
            "aws_api_gateway_rest_api.microservices_rest_api"
          ]
        }
      ]
    },
    {
      "mode": "managed",
      "type": "aws_api_gateway_rest_api",
      "name": "microservices_rest_api",
      "provider": "provider[\"registry.terraform.io/hashicorp/aws\"]",
      "instances": [
        {
          "schema_version": 0,
          "attributes": {
            "api_key_source": "HEADER",
            "arn": "arn:aws:apigateway:us-east-1::/restapis/4rm61j2eca",
            "binary_media_types": [],
            "body": null,
            "created_date": "2024-07-07T06:38:47Z",
            "description": "api-gateway-lambda",
            "disable_execute_api_endpoint": false,
            "endpoint_configuration": [
              {
                "types": [
                  "EDGE"
                ],
                "vpc_endpoint_ids": []
              }
            ],
            "execution_arn": "arn:aws:execute-api:us-east-1:471112848311:4rm61j2eca",
            "fail_on_warnings": null,
            "id": "4rm61j2eca",
            "minimum_compression_size": "",
            "name": "api-gateway-lambda",
            "parameters": null,
            "policy": "",
            "put_rest_api_mode": null,
            "root_resource_id": "ircq4oyhre",
            "tags": null,
            "tags_all": {}
          },
          "sensitive_attributes": [],
          "private": "bnVsbA=="
        }
      ]
    },
    {
      "mode": "managed",
      "type": "aws_iam_role",
      "name": "lambda_role",
      "provider": "provider[\"registry.terraform.io/hashicorp/aws\"]",
      "instances": [
        {
          "schema_version": 0,
          "attributes": {
            "arn": "arn:aws:iam::471112848311:role/dev-lambda_execution_role",
            "assume_role_policy": "{\"Statement\":[{\"Action\":\"sts:AssumeRole\",\"Effect\":\"Allow\",\"Principal\":{\"Service\":[\"apigateway.amazonaws.com\",\"lambda.amazonaws.com\"]}}],\"Version\":\"2012-10-17\"}",
            "create_date": "2024-07-06T17:38:34Z",
            "description": "",
            "force_detach_policies": false,
            "id": "dev-lambda_execution_role",
            "inline_policy": [
              {
                "name": "api_inline_policies",
                "policy": "{\"Version\":\"2012-10-17\",\"Statement\":[{\"Action\":\"lambda:InvokeFunction\",\"Effect\":\"Allow\",\"Resource\":\"*\"}]}"
              }
            ],
            "managed_policy_arns": [
              "arn:aws:iam::aws:policy/service-role/AWSLambdaBasicExecutionRole"
            ],
            "max_session_duration": 3600,
            "name": "dev-lambda_execution_role",
            "name_prefix": "",
            "path": "/",
            "permissions_boundary": "",
            "tags": {},
            "tags_all": {},
            "unique_id": "AROAW3MEDSO3WQR5YRD4G"
          },
          "sensitive_attributes": [],
          "private": "bnVsbA=="
        }
      ]
    },
    {
      "mode": "managed",
      "type": "aws_iam_role_policy",
      "name": "api_lambda_inline_policy",
      "provider": "provider[\"registry.terraform.io/hashicorp/aws\"]",
      "instances": [
        {
          "schema_version": 0,
          "attributes": {
            "id": "dev-lambda_execution_role:api_inline_policies",
            "name": "api_inline_policies",
            "name_prefix": "",
            "policy": "{\"Version\":\"2012-10-17\",\"Statement\":[{\"Action\":\"lambda:InvokeFunction\",\"Effect\":\"Allow\",\"Resource\":\"*\"}]}",
            "role": "dev-lambda_execution_role"
          },
          "sensitive_attributes": [],
          "private": "bnVsbA==",
          "dependencies": [
            "aws_iam_role.lambda_role"
          ]
        }
      ]
    },
    {
      "mode": "managed",
      "type": "aws_iam_role_policy_attachment",
      "name": "lambda_policy_attachment",
      "provider": "provider[\"registry.terraform.io/hashicorp/aws\"]",
      "instances": [
        {
          "schema_version": 0,
          "attributes": {
            "id": "dev-lambda_execution_role-20240706173838307300000001",
            "policy_arn": "arn:aws:iam::aws:policy/service-role/AWSLambdaBasicExecutionRole",
            "role": "dev-lambda_execution_role"
          },
          "sensitive_attributes": [],
          "private": "bnVsbA==",
          "dependencies": [
            "aws_iam_role.lambda_role"
          ]
        }
      ]
    },
    {
      "mode": "managed",
      "type": "aws_lambda_function",
      "name": "microservices_function_api",
      "provider": "provider[\"registry.terraform.io/hashicorp/aws\"]",
      "instances": [
        {
          "index_key": 0,
          "schema_version": 0,
          "attributes": {
            "architectures": [
              "x86_64"
            ],
            "arn": "arn:aws:lambda:us-east-1:471112848311:function:microservices_function_api_api1",
            "code_sha256": "lTG6I7VYvAc0wofETIOrhgKbrF4hYx3PPDGoHleGBuk=",
            "code_signing_config_arn": "",
            "dead_letter_config": [],
            "description": "",
            "environment": [],
            "ephemeral_storage": [
              {
                "size": 512
              }
            ],
            "file_system_config": [],
            "filename": "./microservices/zip/api1.zip",
            "function_name": "microservices_function_api_api1",
            "handler": "main.lambda_handler",
            "id": "microservices_function_api_api1",
            "image_config": [],
            "image_uri": "",
            "invoke_arn": "arn:aws:apigateway:us-east-1:lambda:path/2015-03-31/functions/arn:aws:lambda:us-east-1:471112848311:function:microservices_function_api_api1/invocations",
            "kms_key_arn": "",
            "last_modified": "2024-07-06T17:38:41.731+0000",
            "layers": [],
            "logging_config": [
              {
                "application_log_level": "",
                "log_format": "Text",
                "log_group": "/aws/lambda/microservices_function_api_api1",
                "system_log_level": ""
              }
            ],
            "memory_size": 128,
            "package_type": "Zip",
            "publish": false,
            "qualified_arn": "arn:aws:lambda:us-east-1:471112848311:function:microservices_function_api_api1:$LATEST",
            "qualified_invoke_arn": "arn:aws:apigateway:us-east-1:lambda:path/2015-03-31/functions/arn:aws:lambda:us-east-1:471112848311:function:microservices_function_api_api1:$LATEST/invocations",
            "replace_security_groups_on_destroy": null,
            "replacement_security_group_ids": null,
            "reserved_concurrent_executions": -1,
            "role": "arn:aws:iam::471112848311:role/dev-lambda_execution_role",
            "runtime": "python3.8",
            "s3_bucket": null,
            "s3_key": null,
            "s3_object_version": null,
            "signing_job_arn": "",
            "signing_profile_version_arn": "",
            "skip_destroy": false,
            "snap_start": [],
            "source_code_hash": "lTG6I7VYvAc0wofETIOrhgKbrF4hYx3PPDGoHleGBuk=",
            "source_code_size": 279,
            "tags": {},
            "tags_all": {},
            "timeout": 600,
            "timeouts": null,
            "tracing_config": [
              {
                "mode": "PassThrough"
              }
            ],
            "version": "$LATEST",
            "vpc_config": []
          },
          "sensitive_attributes": [],
          "private": "eyJlMmJmYjczMC1lY2FhLTExZTYtOGY4OC0zNDM2M2JjN2M0YzAiOnsiY3JlYXRlIjo2MDAwMDAwMDAwMDAsImRlbGV0ZSI6NjAwMDAwMDAwMDAwLCJ1cGRhdGUiOjYwMDAwMDAwMDAwMH19",
          "dependencies": [
            "aws_iam_role.lambda_role",
            "data.archive_file.lambda_zip"
          ]
        },
        {
          "index_key": 1,
          "schema_version": 0,
          "attributes": {
            "architectures": [
              "x86_64"
            ],
            "arn": "arn:aws:lambda:us-east-1:471112848311:function:microservices_function_api_api2",
            "code_sha256": "DLFAJcRSQCCz0AhVji0rDFoE1hws0Lab6zaKldHSW5k=",
            "code_signing_config_arn": "",
            "dead_letter_config": [],
            "description": "",
            "environment": [],
            "ephemeral_storage": [
              {
                "size": 512
              }
            ],
            "file_system_config": [],
            "filename": "./microservices/zip/api2.zip",
            "function_name": "microservices_function_api_api2",
            "handler": "main.lambda_handler",
            "id": "microservices_function_api_api2",
            "image_config": [],
            "image_uri": "",
            "invoke_arn": "arn:aws:apigateway:us-east-1:lambda:path/2015-03-31/functions/arn:aws:lambda:us-east-1:471112848311:function:microservices_function_api_api2/invocations",
            "kms_key_arn": "",
            "last_modified": "2024-07-06T17:38:50.361+0000",
            "layers": [],
            "logging_config": [
              {
                "application_log_level": "",
                "log_format": "Text",
                "log_group": "/aws/lambda/microservices_function_api_api2",
                "system_log_level": ""
              }
            ],
            "memory_size": 128,
            "package_type": "Zip",
            "publish": false,
            "qualified_arn": "arn:aws:lambda:us-east-1:471112848311:function:microservices_function_api_api2:$LATEST",
            "qualified_invoke_arn": "arn:aws:apigateway:us-east-1:lambda:path/2015-03-31/functions/arn:aws:lambda:us-east-1:471112848311:function:microservices_function_api_api2:$LATEST/invocations",
            "replace_security_groups_on_destroy": null,
            "replacement_security_group_ids": null,
            "reserved_concurrent_executions": -1,
            "role": "arn:aws:iam::471112848311:role/dev-lambda_execution_role",
            "runtime": "python3.8",
            "s3_bucket": null,
            "s3_key": null,
            "s3_object_version": null,
            "signing_job_arn": "",
            "signing_profile_version_arn": "",
            "skip_destroy": false,
            "snap_start": [],
            "source_code_hash": "DLFAJcRSQCCz0AhVji0rDFoE1hws0Lab6zaKldHSW5k=",
            "source_code_size": 279,
            "tags": {},
            "tags_all": {},
            "timeout": 600,
            "timeouts": null,
            "tracing_config": [
              {
                "mode": "PassThrough"
              }
            ],
            "version": "$LATEST",
            "vpc_config": []
          },
          "sensitive_attributes": [],
          "private": "eyJlMmJmYjczMC1lY2FhLTExZTYtOGY4OC0zNDM2M2JjN2M0YzAiOnsiY3JlYXRlIjo2MDAwMDAwMDAwMDAsImRlbGV0ZSI6NjAwMDAwMDAwMDAwLCJ1cGRhdGUiOjYwMDAwMDAwMDAwMH19",
          "dependencies": [
            "aws_iam_role.lambda_role",
            "data.archive_file.lambda_zip"
          ]
        }
      ]
    }
  ],
  "check_results": null
}
